# Compatibility baseline for cna-template.
#
# Compatibility baseline: the CNA apple/m4-stabilization line (CNA plans/plan_apple_m4.md
# AM4-291 and later), merged into next on 2026-10-10. docs/renderer-build-report.md
# records the earlier 2026-09-28 matrix against CNA d5cf852, an ancestor of this pin.
# CI pins these (.github/workflows/ci.yml); its "structure" job fails if the two ever
# disagree.
#
# You are not required to use these: the template consumes sibling checkouts, so
# an application can deliberately track newer revisions. They exist so that a
# build failure can be attributed — if it reproduces at these SHAs it is the
# template's problem, and if it does not, it arrived with an upstream change.
#
# Which of these you actually need depends on the renderer you select:
#   CNA, SHARP_RUNTIME   always
#   EASY_GL, META_GL     the three GL renderers (OPENGLES3/OPENGL33/WEBGL2)
# See docs/renderers.md for the full per-renderer dependency column.
#
# When updating: change these, change the env: block in ci.yml, and re-run the
# host verification matrix recorded in NEXT.md.

CNA=cec30ea3a53fcda030d50ff71a88579befa111c6
SHARP_RUNTIME=59454257eb1c4712ef43afd5650267c6d6b64918
EASY_GL=1edf4c1a4708149b6a699365f43b58aa467c345f
META_GL=3f08607a834b0c7d51d6fa60f375f89cda33a1f0
