# Compatibility baseline for cna-template.
#
# Compatibility baseline updated after the renderer build matrix on 2026-09-28.
# CNA includes the verified DX11/DX12 fixes; docs/renderer-build-report.md records
# the revisions actually tested for each group. CI pins these (.github/workflows/ci.yml); its
# "structure" job fails if the two ever disagree.
#
# You are not required to use these: the template consumes sibling checkouts, so
# an application can deliberately track newer revisions. They exist so that a
# build failure can be attributed — if it reproduces at these SHAs it is the
# template's problem, and if it does not, it arrived with an upstream change.
#
# Which of these you actually need depends on the renderer you select:
#   CNA, SHARP_RUNTIME   always
#   EASY_GL, META_GL     the five GL renderers (OPENGLES2/OPENGLES3/OPENGL33/WEBGL1/WEBGL2)
# See docs/renderers.md for the full per-renderer dependency column.
#
# When updating: change these, change the env: block in ci.yml, and re-run the
# host verification matrix recorded in NEXT.md.

CNA=d5cf852212fb2d3a6930dfb05d95ee96be5aaa24
SHARP_RUNTIME=007280bd1cc789f851f7f454a5041c8ce2479e13
EASY_GL=deda7a426c3c166c0e03a4790f1ede610e2e46fb
META_GL=20c8b2dc5bb80e32706784066db9fd9e15b3f46a
